<?xml version="1.0" encoding="utf-8"?>
<Project ToolsVersion="4.0" xmlns="http://schemas.microsoft.com/developer/msbuild/2003">
  <ItemGroup>
    <Filter Include="Source Files">
      <UniqueIdentifier>{4FC737F1-C7A5-4376-A066-2A32D752A2FF}</UniqueIdentifier>
      <Extensions>cpp;c;cc;cxx;c++;cppm;ixx;def;odl;idl;hpj;bat;asm;asmx</Extensions>
    </Filter>
    <Filter Include="Header Files">
      <UniqueIdentifier>{93995380-89BD-4b04-88EB-625FBE52EBFB}</UniqueIdentifier>
      <Extensions>h;hh;hpp;hxx;h++;hm;inl;inc;ipp;xsd</Extensions>
    </Filter>
    <Filter Include="Resource Files">
      <UniqueIdentifier>{67DA6AB6-F800-4c08-8B7A-83BB121AAD01}</UniqueIdentifier>
      <Extensions>rc;ico;cur;bmp;dlg;rc2;rct;bin;rgs;gif;jpg;jpeg;jpe;resx;tiff;tif;png;wav;mfcribbon-ms</Extensions>
    </Filter>
  </ItemGroup>
  <ItemGroup>
    <ClCompile Include="Magus\Main.cpp">
      <Filter>Source Files</Filter>
    </ClCompile>
    <ClCompile Include="Magus\Kr\KrMemory.cpp">
      <Filter>Source Files</Filter>
    </ClCompile>
    <ClCompile Include="Magus\Kr\KrMath.cpp">
      <Filter>Source Files</Filter>
    </ClCompile>
    <ClCompile Include="Magus\Kr\KrString.cpp">
      <Filter>Source Files</Filter>
    </ClCompile>
    <ClCompile Include="Magus\Kr\KrMedia.cpp">
      <Filter>Source Files</Filter>
    </ClCompile>
    <ClCompile Include="Magus\Render2d.cpp">
      <Filter>Source Files</Filter>
    </ClCompile>
    <ClCompile Include="Magus\RenderBackend_Direct3D11.cpp">
      <Filter>Source Files</Filter>
    </ClCompile>
    <ClCompile Include="Magus\ResourceLoaders\PlatformSpecific\Direct3D11\Pipeline.cpp">
      <Filter>Source Files</Filter>
    </ClCompile>
    <ClCompile Include="Magus\Kr\KrIndex.cpp">
      <Filter>Source Files</Filter>
    </ClCompile>
    <ClCompile Include="Magus\Kr\KrFormat.cpp">
      <Filter>Source Files</Filter>
    </ClCompile>
    <ClCompile Include="Magus\Kr\KrLog.cpp">
      <Filter>Source Files</Filter>
    </ClCompile>
    <ClCompile Include="Magus\Kr\KrPrint.cpp">
      <Filter>Source Files</Filter>
    </ClCompile>
    <ClCompile Include="Magus\Kr\KrThreadContext.cpp">
      <Filter>Source Files</Filter>
    </ClCompile>
    <ClCompile Include="Magus\ResourceLoaders\Texture.cpp">
      <Filter>Source Files</Filter>
    </ClCompile>
    <ClCompile Include="Magus\ResourceLoaders\ImplSTB.cpp">
      <Filter>Source Files</Filter>
    </ClCompile>
    <ClCompile Include="Magus\ResourceLoaders\Font.cpp">
      <Filter>Source Files</Filter>
    </ClCompile>
    <ClCompile Include="Magus\Render2dBackend.cpp">
      <Filter>Source Files</Filter>
    </ClCompile>
    <ClCompile Include="Magus\Kr\KrRandom.cpp">
      <Filter>Source Files</Filter>
    </ClCompile>
  </ItemGroup>
  <ItemGroup>
    <ClInclude Include="Magus\Kr\KrMap.h">
      <Filter>Header Files</Filter>
    </ClInclude>
    <ClInclude Include="Magus\Kr\KrMemory.h">
      <Filter>Header Files</Filter>
    </ClInclude>
    <ClInclude Include="Magus\Kr\KrMath.h">
      <Filter>Header Files</Filter>
    </ClInclude>
    <ClInclude Include="Magus\Kr\KrPlatform.h">
      <Filter>Header Files</Filter>
    </ClInclude>
    <ClInclude Include="Magus\Kr\KrString.h">
      <Filter>Header Files</Filter>
    </ClInclude>
    <ClInclude Include="Magus\Kr\KrCommon.h">
      <Filter>Header Files</Filter>
    </ClInclude>
    <ClInclude Include="Magus\Kr\KrArray.h">
      <Filter>Header Files</Filter>
    </ClInclude>
    <ClInclude Include="Magus\Kr\KrMedia.h">
      <Filter>Header Files</Filter>
    </ClInclude>
    <ClInclude Include="Magus\Kr\PlatformSpecific\Windows\KrMedia.hpp">
      <Filter>Header Files</Filter>
    </ClInclude>
    <ClInclude Include="Magus\Kr\KrMediaNative.h">
      <Filter>Header Files</Filter>
    </ClInclude>
    <ClInclude Include="Magus\Render2d.h">
      <Filter>Header Files</Filter>
    </ClInclude>
    <ClInclude Include="Magus\ResourceLoaders\External\stb_truetype.h">
      <Filter>Header Files</Filter>
    </ClInclude>
    <ClInclude Include="Magus\ResourceLoaders\External\stb_rect_pack.h">
      <Filter>Header Files</Filter>
    </ClInclude>
    <ClInclude Include="Magus\RobotoMedium.h">
      <Filter>Header Files</Filter>
    </ClInclude>
    <ClInclude Include="Magus\RenderBackend.h">
      <Filter>Header Files</Filter>
    </ClInclude>
    <ClInclude Include="Magus\ResourceLoaders\External\stb_image.h">
      <Filter>Header Files</Filter>
    </ClInclude>
    <ClInclude Include="Magus\Kr\KrIndex.h">
      <Filter>Header Files</Filter>
    </ClInclude>
    <ClInclude Include="Magus\Kr\KrFormat.h">
      <Filter>Header Files</Filter>
    </ClInclude>
    <ClInclude Include="Magus\Kr\KrLog.h">
      <Filter>Header Files</Filter>
    </ClInclude>
    <ClInclude Include="Magus\Kr\KrPrint.h">
      <Filter>Header Files</Filter>
    </ClInclude>
    <ClInclude Include="Magus\Kr\KrThreadContext.h">
      <Filter>Header Files</Filter>
    </ClInclude>
    <ClInclude Include="Magus\Kr\KrTypeTraits.h">
      <Filter>Header Files</Filter>
    </ClInclude>
    <ClInclude Include="Magus\ResourceLoaders\Loaders.h">
      <Filter>Header Files</Filter>
    </ClInclude>
    <ClInclude Include="Magus\ResourceLoaders\Image.h">
      <Filter>Header Files</Filter>
    </ClInclude>
    <ClInclude Include="Magus\ResourceLoaders\TrueType.h">
      <Filter>Header Files</Filter>
    </ClInclude>
    <ClInclude Include="Magus\ResourceLoaders\RectPack.h">
      <Filter>Header Files</Filter>
    </ClInclude>
    <ClInclude Include="Magus\RenderFont.h">
      <Filter>Header Files</Filter>
    </ClInclude>
    <ClInclude Include="Magus\Render2dBackend.h">
      <Filter>Header Files</Filter>
    </ClInclude>
    <ClInclude Include="Magus\Hex.h">
      <Filter>Header Files</Filter>
    </ClInclude>
    <ClInclude Include="Magus\Kr\KrRandom.h">
      <Filter>Header Files</Filter>
    </ClInclude>
    <ClInclude Include="Magus\Kr\KrMathType.h">
      <Filter>Header Files</Filter>
    </ClInclude>
  </ItemGroup>
  <ItemGroup>
    <Natvis Include="Magus\Kr\KrVisualizer.natvis" />
  </ItemGroup>
  <ItemGroup>
    <None Include="Magus\Kr\.gitignore" />
    <None Include="Magus\Kr\LICENSE" />
    <None Include="Magus\Kr\README.md" />
    <None Include="Resources\Shaders\HLSL\Quad.shader" />
    <None Include="Magus\Kr\KrConfig.in" />
  </ItemGroup>
</Project>