
Microsoft Visual Studio Solution File, Format Version 12.00
# Visual Studio Version 17
VisualStudioVersion = 17.3.32901.215
MinimumVisualStudioVersion = 10.0.40219.1
Project("{8BC9CEB8-8B4A-11D0-8D11-00A0C91BC942}") = "Magus", "Magus.vcxproj", "{91CB2F0A-192B-4ED5-BD84-DD7237498CDA}"
EndProject
Global
	GlobalSection(SolutionConfigurationPlatforms) = preSolution
		Debug|x64 = Debug|x64
		Release|x64 = Release|x64
	EndGlobalSection
	GlobalSection(ProjectConfigurationPlatforms) = postSolution
		{91CB2F0A-192B-4ED5-BD84-DD7237498CDA}.Debug|x64.ActiveCfg = Debug|x64
		{91CB2F0A-192B-4ED5-BD84-DD7237498CDA}.Debug|x64.Build.0 = Debug|x64
		{91CB2F0A-192B-4ED5-BD84-DD7237498CDA}.Release|x64.ActiveCfg = Release|x64
		{91CB2F0A-192B-4ED5-BD84-DD7237498CDA}.Release|x64.Build.0 = Release|x64
	EndGlobalSection
	GlobalSection(SolutionProperties) = preSolution
		HideSolutionNode = FALSE
	EndGlobalSection
	GlobalSection(ExtensibilityGlobals) = postSolution
		SolutionGuid = {EC8D0EBA-6AA0-4B1C-BEA5-EB1323F7E360}
	EndGlobalSection
EndGlobal
